
Microsoft Visual Studio Solution File, Format Version 12.00
# Visual Studio Version 17
VisualStudioVersion = 17.9.34622.214
MinimumVisualStudioVersion = 10.0.40219.1
Project("{9A19103F-16F7-4668-BE54-9A1E7A4F7556}") = "RecipeAPI", "RecipeAPI\RecipeAPI.csproj", "{25508557-85AE-43B4-8944-975DCE7360F2}"
EndProject
Project("{2150E333-8FDC-42A3-9474-1A3956D46DE8}") = "Domain", "Domain", "{D5FAE20C-6173-477C-85BB-AA488AC53747}"
EndProject
Project("{9A19103F-16F7-4668-BE54-9A1E7A4F7556}") = "Entities", "Entities\Entities.csproj", "{1AEBCDEB-7FC3-4823-8DF5-5941DA50A3D7}"
EndProject
Project("{2150E333-8FDC-42A3-9474-1A3956D46DE8}") = "Data", "Data", "{6821DD4B-CA60-4FDF-9C19-226D18DB7918}"
EndProject
Project("{9A19103F-16F7-4668-BE54-9A1E7A4F7556}") = "Database", "Database\Database.csproj", "{EFBD1429-5AE4-400E-8FA1-7F1CA361E678}"
EndProject
Project("{2150E333-8FDC-42A3-9474-1A3956D46DE8}") = "Application", "Application", "{81999F4F-701F-4D7D-8055-52351F801747}"
EndProject
Project("{9A19103F-16F7-4668-BE54-9A1E7A4F7556}") = "Business", "Business\Business.csproj", "{CD4CFCC1-BB8D-4F59-8DC5-04397830ABCC}"
EndProject
Project("{2150E333-8FDC-42A3-9474-1A3956D46DE8}") = "Tests", "Tests", "{3A5FD41F-C904-472B-9E87-70F9FE889C60}"
EndProject
Project("{FAE04EC0-301F-11D3-BF4B-00C04F79EFBC}") = "ApiTetss", "ApiTetss\ApiTetss.csproj", "{533D060C-F9E3-405B-8910-E16097FE7904}"
EndProject
Global
	GlobalSection(SolutionConfigurationPlatforms) = preSolution
		Debug|Any CPU = Debug|Any CPU
		Release|Any CPU = Release|Any CPU
	EndGlobalSection
	GlobalSection(ProjectConfigurationPlatforms) = postSolution
		{25508557-85AE-43B4-8944-975DCE7360F2}.Debug|Any CPU.ActiveCfg = Debug|Any CPU
		{25508557-85AE-43B4-8944-975DCE7360F2}.Debug|Any CPU.Build.0 = Debug|Any CPU
		{25508557-85AE-43B4-8944-975DCE7360F2}.Release|Any CPU.ActiveCfg = Release|Any CPU
		{25508557-85AE-43B4-8944-975DCE7360F2}.Release|Any CPU.Build.0 = Release|Any CPU
		{1AEBCDEB-7FC3-4823-8DF5-5941DA50A3D7}.Debug|Any CPU.ActiveCfg = Debug|Any CPU
		{1AEBCDEB-7FC3-4823-8DF5-5941DA50A3D7}.Debug|Any CPU.Build.0 = Debug|Any CPU
		{1AEBCDEB-7FC3-4823-8DF5-5941DA50A3D7}.Release|Any CPU.ActiveCfg = Release|Any CPU
		{1AEBCDEB-7FC3-4823-8DF5-5941DA50A3D7}.Release|Any CPU.Build.0 = Release|Any CPU
		{EFBD1429-5AE4-400E-8FA1-7F1CA361E678}.Debug|Any CPU.ActiveCfg = Debug|Any CPU
		{EFBD1429-5AE4-400E-8FA1-7F1CA361E678}.Debug|Any CPU.Build.0 = Debug|Any CPU
		{EFBD1429-5AE4-400E-8FA1-7F1CA361E678}.Release|Any CPU.ActiveCfg = Release|Any CPU
		{EFBD1429-5AE4-400E-8FA1-7F1CA361E678}.Release|Any CPU.Build.0 = Release|Any CPU
		{CD4CFCC1-BB8D-4F59-8DC5-04397830ABCC}.Debug|Any CPU.ActiveCfg = Debug|Any CPU
		{CD4CFCC1-BB8D-4F59-8DC5-04397830ABCC}.Debug|Any CPU.Build.0 = Debug|Any CPU
		{CD4CFCC1-BB8D-4F59-8DC5-04397830ABCC}.Release|Any CPU.ActiveCfg = Release|Any CPU
		{CD4CFCC1-BB8D-4F59-8DC5-04397830ABCC}.Release|Any CPU.Build.0 = Release|Any CPU
		{533D060C-F9E3-405B-8910-E16097FE7904}.Debug|Any CPU.ActiveCfg = Debug|Any CPU
		{533D060C-F9E3-405B-8910-E16097FE7904}.Debug|Any CPU.Build.0 = Debug|Any CPU
		{533D060C-F9E3-405B-8910-E16097FE7904}.Release|Any CPU.ActiveCfg = Release|Any CPU
		{533D060C-F9E3-405B-8910-E16097FE7904}.Release|Any CPU.Build.0 = Release|Any CPU
	EndGlobalSection
	GlobalSection(SolutionProperties) = preSolution
		HideSolutionNode = FALSE
	EndGlobalSection
	GlobalSection(NestedProjects) = preSolution
		{1AEBCDEB-7FC3-4823-8DF5-5941DA50A3D7} = {D5FAE20C-6173-477C-85BB-AA488AC53747}
		{EFBD1429-5AE4-400E-8FA1-7F1CA361E678} = {6821DD4B-CA60-4FDF-9C19-226D18DB7918}
		{CD4CFCC1-BB8D-4F59-8DC5-04397830ABCC} = {81999F4F-701F-4D7D-8055-52351F801747}
		{533D060C-F9E3-405B-8910-E16097FE7904} = {3A5FD41F-C904-472B-9E87-70F9FE889C60}
	EndGlobalSection
	GlobalSection(ExtensibilityGlobals) = postSolution
		SolutionGuid = {9A6F6DE2-4ED9-4BA9-889D-43833B7759E7}
	EndGlobalSection
EndGlobal
